<?xml version="1.0" encoding="utf-8"?>
<Project ToolsVersion="4.0" xmlns="http://schemas.microsoft.com/developer/msbuild/2003">
  <ItemGroup>
    <Filter Include="Source Files">
      <UniqueIdentifier>{8CAE5BF2-376B-44EB-A3D5-0CF790228D11}</UniqueIdentifier>
      <Extensions>cpp;c;cc;cxx;def;odl;idl;hpj;bat;asm;asmx</Extensions>
    </Filter>
    <Filter Include="Header Files">
      <UniqueIdentifier>{B43C75CA-B7CD-42CD-AECE-B5C726B07DCB}</UniqueIdentifier>
      <Extensions>h;hh;hpp;hxx;hm;inl;inc;xsd</Extensions>
    </Filter>
    <Filter Include="Resource Files">
      <UniqueIdentifier>{25752297-5400-478B-818B-6DCD36C71575}</UniqueIdentifier>
      <Extensions>rc;ico;cur;bmp;dlg;rc2;rct;bin;rgs;gif;jpg;jpeg;jpe;resx;tiff;tif;png;wav;mfcribbon-ms</Extensions>
    </Filter>
  </ItemGroup>
  <ItemGroup>
    <ClCompile Include="..\routine\routine.cpp">
      <Filter>Source Files</Filter>
    </ClCompile>
    <ClCompile Include="src\main.cpp">
      <Filter>Source Files</Filter>
    </ClCompile>
    <ClCompile Include="..\routine\rstring.cpp">
      <Filter>Source Files</Filter>
    </ClCompile>
    <ClCompile Include="..\routine\rapp.cpp">
      <Filter>Source Files</Filter>
    </ClCompile>
  </ItemGroup>
  <ItemGroup>
    <ClInclude Include="..\routine\routine.hpp">
      <Filter>Header Files</Filter>
    </ClInclude>
    <ClInclude Include="src\main.hpp">
      <Filter>Header Files</Filter>
    </ClInclude>
    <ClInclude Include="src\app.hpp">
      <Filter>Header Files</Filter>
    </ClInclude>
    <ClInclude Include="src\resource.hpp">
      <Filter>Header Files</Filter>
    </ClInclude>
    <ClInclude Include="..\routine\rconfig.hpp">
      <Filter>Header Files</Filter>
    </ClInclude>
    <ClInclude Include="..\routine\rapp.hpp">
      <Filter>Header Files</Filter>
    </ClInclude>
    <ClInclude Include="..\routine\rstring.hpp">
      <Filter>Header Files</Filter>
    </ClInclude>
    <ClInclude Include="..\routine\ntapi.hpp">
      <Filter>Header Files</Filter>
    </ClInclude>
  </ItemGroup>
  <ItemGroup>
    <ResourceCompile Include="src\resource.rc">
      <Filter>Resource Files</Filter>
    </ResourceCompile>
  </ItemGroup>
</Project>